PODS:
  - Ensembles/Core (1.8)
  - Ensembles/Multipeer (1.8):
    - Ensembles/Core
    - SSZipArchive
  - SSZipArchive (2.1.4)

DEPENDENCIES:
  - Ensembles/Multipeer

SPEC REPOS:
  https://github.com/cocoapods/specs.git:
    - Ensembles
    - SSZipArchive

SPEC CHECKSUMS:
  Ensembles: 6f04632bf2aa35cc69f8ffbc259396afe2f0501e
  SSZipArchive: 41455d4b8d2b6ab93990820b50dc697c2554a322

PODFILE CHECKSUM: 45cf0eeda0cc546b65c6b52953c32d975eac1505

COCOAPODS: 1.6.1
